
Microsoft Visual Studio Solution File, Format Version 12.00
# Visual Studio Version 16
VisualStudioVersion = 16.0.30413.136
MinimumVisualStudioVersion = 10.0.40219.1
Project("{9A19103F-16F7-4668-BE54-9A1E7A4F7556}") = "serverdespacho", "serverdespacho\serverdespacho.csproj", "{2B6D7CD5-C658-4C0E-ABA8-50A666D37D77}"
EndProject
Project("{9A19103F-16F7-4668-BE54-9A1E7A4F7556}") = "AutenticacionDTO", "AuthenticationDTO\AutenticacionDTO.csproj", "{A82610A2-5D2B-4063-8DE7-5D500E13848F}"
EndProject
Project("{FAE04EC0-301F-11D3-BF4B-00C04F79EFBC}") = "DespachosDTO", "DespachosDTO\DespachosDTO.csproj", "{33B56778-7742-421A-9243-1AC7EB1AABEE}"
EndProject
Global
	GlobalSection(SolutionConfigurationPlatforms) = preSolution
		Debug|Any CPU = Debug|Any CPU
		Release|Any CPU = Release|Any CPU
	EndGlobalSection
	GlobalSection(ProjectConfigurationPlatforms) = postSolution
		{2B6D7CD5-C658-4C0E-ABA8-50A666D37D77}.Debug|Any CPU.ActiveCfg = Debug|Any CPU
		{2B6D7CD5-C658-4C0E-ABA8-50A666D37D77}.Debug|Any CPU.Build.0 = Debug|Any CPU
		{2B6D7CD5-C658-4C0E-ABA8-50A666D37D77}.Release|Any CPU.ActiveCfg = Release|Any CPU
		{2B6D7CD5-C658-4C0E-ABA8-50A666D37D77}.Release|Any CPU.Build.0 = Release|Any CPU
		{A82610A2-5D2B-4063-8DE7-5D500E13848F}.Debug|Any CPU.ActiveCfg = Debug|Any CPU
		{A82610A2-5D2B-4063-8DE7-5D500E13848F}.Debug|Any CPU.Build.0 = Debug|Any CPU
		{A82610A2-5D2B-4063-8DE7-5D500E13848F}.Release|Any CPU.ActiveCfg = Release|Any CPU
		{A82610A2-5D2B-4063-8DE7-5D500E13848F}.Release|Any CPU.Build.0 = Release|Any CPU
		{33B56778-7742-421A-9243-1AC7EB1AABEE}.Debug|Any CPU.ActiveCfg = Debug|Any CPU
		{33B56778-7742-421A-9243-1AC7EB1AABEE}.Debug|Any CPU.Build.0 = Debug|Any CPU
		{33B56778-7742-421A-9243-1AC7EB1AABEE}.Release|Any CPU.ActiveCfg = Release|Any CPU
		{33B56778-7742-421A-9243-1AC7EB1AABEE}.Release|Any CPU.Build.0 = Release|Any CPU
	EndGlobalSection
	GlobalSection(SolutionProperties) = preSolution
		HideSolutionNode = FALSE
	EndGlobalSection
	GlobalSection(ExtensibilityGlobals) = postSolution
		SolutionGuid = {7A712CFC-58EE-428A-946C-A926760BA7C5}
	EndGlobalSection
EndGlobal
